
Microsoft Visual Studio Solution File, Format Version 12.00
# Visual Studio Version 17
VisualStudioVersion = 17.12.35527.113
MinimumVisualStudioVersion = 10.0.40219.1
Project("{FAE04EC0-301F-11D3-BF4B-00C04F79EFBC}") = "01Delegates", "Delegates\01Delegates.csproj", "{5B8E6294-456A-47AA-BEE8-FC1904BF1C24}"
EndProject
Project("{FAE04EC0-301F-11D3-BF4B-00C04F79EFBC}") = "02Events", "02Events\02Events.csproj", "{22639C74-B5BF-4B34-9E35-0916F5A6584D}"
EndProject
Project("{FAE04EC0-301F-11D3-BF4B-00C04F79EFBC}") = "03AnonymousFunc", "03AnonymousFunc\03AnonymousFunc.csproj", "{BC180222-FBBC-41AE-884C-F247BCFE8F61}"
EndProject
Project("{FAE04EC0-301F-11D3-BF4B-00C04F79EFBC}") = "04LambdaExpression", "04LambdaExpression\04LambdaExpression.csproj", "{B987ED1B-6929-42AF-B59D-8AAA71D4A3C0}"
EndProject
Project("{FAE04EC0-301F-11D3-BF4B-00C04F79EFBC}") = "05MultipleInterFace", "05MultipleInterFace\05MultipleInterFace.csproj", "{7F5AEA6C-1754-4727-A4C3-061B2B582BAF}"
EndProject
Project("{FAE04EC0-301F-11D3-BF4B-00C04F79EFBC}") = "06TightCoupling", "06TightCoupling\06TightCoupling.csproj", "{CBD7C854-09E0-47AC-85F7-D18BD1B582E6}"
EndProject
Project("{FAE04EC0-301F-11D3-BF4B-00C04F79EFBC}") = "07ConstructorInjection", "07ConstructorInjection\07ConstructorInjection.csproj", "{9EEFD78C-2BC1-46BC-9E6D-DF8231A975C3}"
EndProject
Project("{FAE04EC0-301F-11D3-BF4B-00C04F79EFBC}") = "08PropertiesInjection", "08PropertiesInjection\08PropertiesInjection.csproj", "{01CF2E97-8382-4202-8A8E-D199D066A7D8}"
EndProject
Project("{FAE04EC0-301F-11D3-BF4B-00C04F79EFBC}") = "09MethodInjection", "09MethodInjection\09MethodInjection.csproj", "{44DF2244-C7AB-4460-ACC2-5B2A2943F71E}"
EndProject
Project("{2150E333-8FDC-42A3-9474-1A3956D46DE8}") = "LINQ", "LINQ", "{F3CBBC88-ED2D-495C-9B01-9710CC379653}"
EndProject
Project("{FAE04EC0-301F-11D3-BF4B-00C04F79EFBC}") = "01ConnectedArchitecture", "01ConnectedArchitecture\01ConnectedArchitecture.csproj", "{5E48095C-4A77-4B7A-BE2E-C4EAFE00C9A0}"
EndProject
Project("{FAE04EC0-301F-11D3-BF4B-00C04F79EFBC}") = "02DisconnectedArchitecture", "02DisconnectedArchitecture\02DisconnectedArchitecture.csproj", "{D0F3844D-897A-45EE-B41C-BF0232B1D36A}"
EndProject
Project("{2150E333-8FDC-42A3-9474-1A3956D46DE8}") = "CRUD MVC", "CRUD MVC", "{DAC9C927-8761-4A51-A3FD-C2EFA59CB373}"
EndProject
Project("{FAE04EC0-301F-11D3-BF4B-00C04F79EFBC}") = "01DatabaseFirstApproach", "01CRUDOperation\01DatabaseFirstApproach.csproj", "{1686A338-4C8A-43B0-B48B-AFF33B8E2762}"
EndProject
Project("{FAE04EC0-301F-11D3-BF4B-00C04F79EFBC}") = "02CodeFirstApproach", "02CodeFirstApproach\02CodeFirstApproach.csproj", "{93C1C8B3-0C9B-4D76-B17C-77E896C98B03}"
EndProject
Project("{FAE04EC0-301F-11D3-BF4B-00C04F79EFBC}") = "03EntityFramework", "03EntityFramework\03EntityFramework.csproj", "{56532702-3FE5-4FA5-A898-A4F3F3C8932E}"
EndProject
Project("{FAE04EC0-301F-11D3-BF4B-00C04F79EFBC}") = "02ConnectedArchi", "02ConnectedArchi\02ConnectedArchi.csproj", "{6E161600-E244-46C9-B790-3CD39E3BF182}"
EndProject
Project("{FAE04EC0-301F-11D3-BF4B-00C04F79EFBC}") = "03DisconnectedArchi", "03DisconnectedArchi\03DisconnectedArchi.csproj", "{94461BFE-643C-4BF8-8873-64320AF3D632}"
EndProject
Project("{FAE04EC0-301F-11D3-BF4B-00C04F79EFBC}") = "02CodeFirstApp", "02CodeFirstApp\02CodeFirstApp.csproj", "{54F49A6D-F6E6-4EC0-B584-C34D5569557D}"
EndProject
Global
	GlobalSection(SolutionConfigurationPlatforms) = preSolution
		Debug|Any CPU = Debug|Any CPU
		Release|Any CPU = Release|Any CPU
	EndGlobalSection
	GlobalSection(ProjectConfigurationPlatforms) = postSolution
		{5B8E6294-456A-47AA-BEE8-FC1904BF1C24}.Debug|Any CPU.ActiveCfg = Debug|Any CPU
		{5B8E6294-456A-47AA-BEE8-FC1904BF1C24}.Debug|Any CPU.Build.0 = Debug|Any CPU
		{5B8E6294-456A-47AA-BEE8-FC1904BF1C24}.Release|Any CPU.ActiveCfg = Release|Any CPU
		{5B8E6294-456A-47AA-BEE8-FC1904BF1C24}.Release|Any CPU.Build.0 = Release|Any CPU
		{22639C74-B5BF-4B34-9E35-0916F5A6584D}.Debug|Any CPU.ActiveCfg = Debug|Any CPU
		{22639C74-B5BF-4B34-9E35-0916F5A6584D}.Debug|Any CPU.Build.0 = Debug|Any CPU
		{22639C74-B5BF-4B34-9E35-0916F5A6584D}.Release|Any CPU.ActiveCfg = Release|Any CPU
		{22639C74-B5BF-4B34-9E35-0916F5A6584D}.Release|Any CPU.Build.0 = Release|Any CPU
		{BC180222-FBBC-41AE-884C-F247BCFE8F61}.Debug|Any CPU.ActiveCfg = Debug|Any CPU
		{BC180222-FBBC-41AE-884C-F247BCFE8F61}.Debug|Any CPU.Build.0 = Debug|Any CPU
		{BC180222-FBBC-41AE-884C-F247BCFE8F61}.Release|Any CPU.ActiveCfg = Release|Any CPU
		{BC180222-FBBC-41AE-884C-F247BCFE8F61}.Release|Any CPU.Build.0 = Release|Any CPU
		{B987ED1B-6929-42AF-B59D-8AAA71D4A3C0}.Debug|Any CPU.ActiveCfg = Debug|Any CPU
		{B987ED1B-6929-42AF-B59D-8AAA71D4A3C0}.Debug|Any CPU.Build.0 = Debug|Any CPU
		{B987ED1B-6929-42AF-B59D-8AAA71D4A3C0}.Release|Any CPU.ActiveCfg = Release|Any CPU
		{B987ED1B-6929-42AF-B59D-8AAA71D4A3C0}.Release|Any CPU.Build.0 = Release|Any CPU
		{7F5AEA6C-1754-4727-A4C3-061B2B582BAF}.Debug|Any CPU.ActiveCfg = Debug|Any CPU
		{7F5AEA6C-1754-4727-A4C3-061B2B582BAF}.Debug|Any CPU.Build.0 = Debug|Any CPU
		{7F5AEA6C-1754-4727-A4C3-061B2B582BAF}.Release|Any CPU.ActiveCfg = Release|Any CPU
		{7F5AEA6C-1754-4727-A4C3-061B2B582BAF}.Release|Any CPU.Build.0 = Release|Any CPU
		{CBD7C854-09E0-47AC-85F7-D18BD1B582E6}.Debug|Any CPU.ActiveCfg = Debug|Any CPU
		{CBD7C854-09E0-47AC-85F7-D18BD1B582E6}.Debug|Any CPU.Build.0 = Debug|Any CPU
		{CBD7C854-09E0-47AC-85F7-D18BD1B582E6}.Release|Any CPU.ActiveCfg = Release|Any CPU
		{CBD7C854-09E0-47AC-85F7-D18BD1B582E6}.Release|Any CPU.Build.0 = Release|Any CPU
		{9EEFD78C-2BC1-46BC-9E6D-DF8231A975C3}.Debug|Any CPU.ActiveCfg = Debug|Any CPU
		{9EEFD78C-2BC1-46BC-9E6D-DF8231A975C3}.Debug|Any CPU.Build.0 = Debug|Any CPU
		{9EEFD78C-2BC1-46BC-9E6D-DF8231A975C3}.Release|Any CPU.ActiveCfg = Release|Any CPU
		{9EEFD78C-2BC1-46BC-9E6D-DF8231A975C3}.Release|Any CPU.Build.0 = Release|Any CPU
		{01CF2E97-8382-4202-8A8E-D199D066A7D8}.Debug|Any CPU.ActiveCfg = Debug|Any CPU
		{01CF2E97-8382-4202-8A8E-D199D066A7D8}.Debug|Any CPU.Build.0 = Debug|Any CPU
		{01CF2E97-8382-4202-8A8E-D199D066A7D8}.Release|Any CPU.ActiveCfg = Release|Any CPU
		{01CF2E97-8382-4202-8A8E-D199D066A7D8}.Release|Any CPU.Build.0 = Release|Any CPU
		{44DF2244-C7AB-4460-ACC2-5B2A2943F71E}.Debug|Any CPU.ActiveCfg = Debug|Any CPU
		{44DF2244-C7AB-4460-ACC2-5B2A2943F71E}.Debug|Any CPU.Build.0 = Debug|Any CPU
		{44DF2244-C7AB-4460-ACC2-5B2A2943F71E}.Release|Any CPU.ActiveCfg = Release|Any CPU
		{44DF2244-C7AB-4460-ACC2-5B2A2943F71E}.Release|Any CPU.Build.0 = Release|Any CPU
		{5E48095C-4A77-4B7A-BE2E-C4EAFE00C9A0}.Debug|Any CPU.ActiveCfg = Debug|Any CPU
		{5E48095C-4A77-4B7A-BE2E-C4EAFE00C9A0}.Debug|Any CPU.Build.0 = Debug|Any CPU
		{5E48095C-4A77-4B7A-BE2E-C4EAFE00C9A0}.Release|Any CPU.ActiveCfg = Release|Any CPU
		{5E48095C-4A77-4B7A-BE2E-C4EAFE00C9A0}.Release|Any CPU.Build.0 = Release|Any CPU
		{D0F3844D-897A-45EE-B41C-BF0232B1D36A}.Debug|Any CPU.ActiveCfg = Debug|Any CPU
		{D0F3844D-897A-45EE-B41C-BF0232B1D36A}.Debug|Any CPU.Build.0 = Debug|Any CPU
		{D0F3844D-897A-45EE-B41C-BF0232B1D36A}.Release|Any CPU.ActiveCfg = Release|Any CPU
		{D0F3844D-897A-45EE-B41C-BF0232B1D36A}.Release|Any CPU.Build.0 = Release|Any CPU
		{1686A338-4C8A-43B0-B48B-AFF33B8E2762}.Debug|Any CPU.ActiveCfg = Debug|Any CPU
		{1686A338-4C8A-43B0-B48B-AFF33B8E2762}.Debug|Any CPU.Build.0 = Debug|Any CPU
		{1686A338-4C8A-43B0-B48B-AFF33B8E2762}.Release|Any CPU.ActiveCfg = Release|Any CPU
		{1686A338-4C8A-43B0-B48B-AFF33B8E2762}.Release|Any CPU.Build.0 = Release|Any CPU
		{93C1C8B3-0C9B-4D76-B17C-77E896C98B03}.Debug|Any CPU.ActiveCfg = Debug|Any CPU
		{93C1C8B3-0C9B-4D76-B17C-77E896C98B03}.Debug|Any CPU.Build.0 = Debug|Any CPU
		{93C1C8B3-0C9B-4D76-B17C-77E896C98B03}.Release|Any CPU.ActiveCfg = Release|Any CPU
		{93C1C8B3-0C9B-4D76-B17C-77E896C98B03}.Release|Any CPU.Build.0 = Release|Any CPU
		{56532702-3FE5-4FA5-A898-A4F3F3C8932E}.Debug|Any CPU.ActiveCfg = Debug|Any CPU
		{56532702-3FE5-4FA5-A898-A4F3F3C8932E}.Debug|Any CPU.Build.0 = Debug|Any CPU
		{56532702-3FE5-4FA5-A898-A4F3F3C8932E}.Release|Any CPU.ActiveCfg = Release|Any CPU
		{56532702-3FE5-4FA5-A898-A4F3F3C8932E}.Release|Any CPU.Build.0 = Release|Any CPU
		{6E161600-E244-46C9-B790-3CD39E3BF182}.Debug|Any CPU.ActiveCfg = Debug|Any CPU
		{6E161600-E244-46C9-B790-3CD39E3BF182}.Debug|Any CPU.Build.0 = Debug|Any CPU
		{6E161600-E244-46C9-B790-3CD39E3BF182}.Release|Any CPU.ActiveCfg = Release|Any CPU
		{6E161600-E244-46C9-B790-3CD39E3BF182}.Release|Any CPU.Build.0 = Release|Any CPU
		{94461BFE-643C-4BF8-8873-64320AF3D632}.Debug|Any CPU.ActiveCfg = Debug|Any CPU
		{94461BFE-643C-4BF8-8873-64320AF3D632}.Debug|Any CPU.Build.0 = Debug|Any CPU
		{94461BFE-643C-4BF8-8873-64320AF3D632}.Release|Any CPU.ActiveCfg = Release|Any CPU
		{94461BFE-643C-4BF8-8873-64320AF3D632}.Release|Any CPU.Build.0 = Release|Any CPU
		{54F49A6D-F6E6-4EC0-B584-C34D5569557D}.Debug|Any CPU.ActiveCfg = Debug|Any CPU
		{54F49A6D-F6E6-4EC0-B584-C34D5569557D}.Debug|Any CPU.Build.0 = Debug|Any CPU
		{54F49A6D-F6E6-4EC0-B584-C34D5569557D}.Release|Any CPU.ActiveCfg = Release|Any CPU
		{54F49A6D-F6E6-4EC0-B584-C34D5569557D}.Release|Any CPU.Build.0 = Release|Any CPU
	EndGlobalSection
	GlobalSection(SolutionProperties) = preSolution
		HideSolutionNode = FALSE
	EndGlobalSection
	GlobalSection(NestedProjects) = preSolution
		{5E48095C-4A77-4B7A-BE2E-C4EAFE00C9A0} = {F3CBBC88-ED2D-495C-9B01-9710CC379653}
		{D0F3844D-897A-45EE-B41C-BF0232B1D36A} = {F3CBBC88-ED2D-495C-9B01-9710CC379653}
		{1686A338-4C8A-43B0-B48B-AFF33B8E2762} = {DAC9C927-8761-4A51-A3FD-C2EFA59CB373}
		{93C1C8B3-0C9B-4D76-B17C-77E896C98B03} = {DAC9C927-8761-4A51-A3FD-C2EFA59CB373}
		{56532702-3FE5-4FA5-A898-A4F3F3C8932E} = {DAC9C927-8761-4A51-A3FD-C2EFA59CB373}
		{6E161600-E244-46C9-B790-3CD39E3BF182} = {F3CBBC88-ED2D-495C-9B01-9710CC379653}
		{94461BFE-643C-4BF8-8873-64320AF3D632} = {F3CBBC88-ED2D-495C-9B01-9710CC379653}
		{54F49A6D-F6E6-4EC0-B584-C34D5569557D} = {DAC9C927-8761-4A51-A3FD-C2EFA59CB373}
	EndGlobalSection
EndGlobal
